{
  "name": "shadowsocks-lite",
  "version": "1.0.9",
  "lockfileVersion": 1,
  "requires": true,
  "dependencies": {
    "require-dir-lite": {
      "version": "1.0.0",
      "resolved": "https://registry.npmjs.org/require-dir-lite/-/require-dir-lite-1.0.0.tgz",
      "integrity": "sha512-Z4RLn7+OFT9yJYkXwfoQiudD0vRBVronJ89zo3CkwLkkzl5GnD+ox4y/1AqXOqnO/o028A5vF2yTFPZW/0cAHQ==",
      "dev": true
    }
  }
}
